// !$*UTF8*$!
{
	archiveVersion = 1;
	classes = {
	};
	objectVersion = 77;
	objects = {

/* Begin PBXContainerItemProxy section */
		09019ACC2DD558D800DF86A8 /* PBXContainerItemProxy */ = {
			isa = PBXContainerItemProxy;
			containerPortal = 09019AB12DD558D700DF86A8 /* Project object */;
			proxyType = 1;
			remoteGlobalIDString = 09019AB82DD558D700DF86A8;
			remoteInfo = MyPoem;
		};
		09019AD62DD558D800DF86A8 /* PBXContainerItemProxy */ = {
			isa = PBXContainerItemProxy;
			containerPortal = 09019AB12DD558D700DF86A8 /* Project object */;
			proxyType = 1;
			remoteGlobalIDString = 09019AB82DD558D700DF86A8;
			remoteInfo = MyPoem;
		};
/* End PBXContainerItemProxy section */

/* Begin PBXFileReference section */
		09019AB92DD558D700DF86A8 /* MyPoem.app */ = {isa = PBXFileReference; explicitFileType = wrapper.application; includeInIndex = 0; path = MyPoem.app; sourceTree = BUILT_PRODUCTS_DIR; };
		09019ACB2DD558D800DF86A8 /* MyPoemTests.xctest */ = {isa = PBXFileReference; explicitFileType = wrapper.cfbundle; includeInIndex = 0; path = MyPoemTests.xctest; sourceTree = BUILT_PRODUCTS_DIR; };
		09019AD52DD558D800DF86A8 /* MyPoemUITests.xctest */ = {isa = PBXFileReference; explicitFileType = wrapper.cfbundle; includeInIndex = 0; path = MyPoemUITests.xctest; sourceTree = BUILT_PRODUCTS_DIR; };
/* End PBXFileReference section */

/* Begin PBXFileSystemSynchronizedRootGroup section */
		09019ABB2DD558D700DF86A8 /* MyPoem */ = {
			isa = PBXFileSystemSynchronizedRootGroup;
			path = MyPoem;
			sourceTree = "<group>";
		};
		09019ACE2DD558D800DF86A8 /* MyPoemTests */ = {
			isa = PBXFileSystemSynchronizedRootGroup;
			path = MyPoemTests;
			sourceTree = "<group>";
		};
		09019AD82DD558D800DF86A8 /* MyPoemUITests */ = {
			isa = PBXFileSystemSynchronizedRootGroup;
			path = MyPoemUITests;
			sourceTree = "<group>";
		};
/* End PBXFileSystemSynchronizedRootGroup section */

/* Begin PBXFrameworksBuildPhase section */
		09019AB62DD558D700DF86A8 /* Frameworks */ = {
			isa = PBXFrameworksBuildPhase;
			buildActionMask = 2147483647;
			files = (
			);
			runOnlyForDeploymentPostprocessing = 0;
		};
		09019AC82DD558D800DF86A8 /* Frameworks */ = {
			isa = PBXFrameworksBuildPhase;
			buildActionMask = 2147483647;
			files = (
			);
			runOnlyForDeploymentPostprocessing = 0;
		};
		09019AD22DD558D800DF86A8 /* Frameworks */ = {
			isa = PBXFrameworksBuildPhase;
			buildActionMask = 2147483647;
			files = (
			);
			runOnlyForDeploymentPostprocessing = 0;
		};
/* End PBXFrameworksBuildPhase section */

/* Begin PBXGroup section */
		09019AB02DD558D700DF86A8 = {
			isa = PBXGroup;
			children = (
				09019ABB2DD558D700DF86A8 /* MyPoem */,
				09019ACE2DD558D800DF86A8 /* MyPoemTests */,
				09019AD82DD558D800DF86A8 /* MyPoemUITests */,
				09019ABA2DD558D700DF86A8 /* Products */,
			);
			sourceTree = "<group>";
		};
		09019ABA2DD558D700DF86A8 /* Products */ = {
			isa = PBXGroup;
			children = (
				09019AB92DD558D700DF86A8 /* MyPoem.app */,
				09019ACB2DD558D800DF86A8 /* MyPoemTests.xctest */,
				09019AD52DD558D800DF86A8 /* MyPoemUITests.xctest */,
			);
			name = Products;
			sourceTree = "<group>";
		};
/* End PBXGroup section */

/* Begin PBXNativeTarget section */
		09019AB82DD558D700DF86A8 /* MyPoem */ = {
			isa = PBXNativeTarget;
			buildConfigurationList = 09019ADF2DD558D800DF86A8 /* Build configuration list for PBXNativeTarget "MyPoem" */;
			buildPhases = (
				09019AB52DD558D700DF86A8 /* Sources */,
				09019AB62DD558D700DF86A8 /* Frameworks */,
				09019AB72DD558D700DF86A8 /* Resources */,
			);
			buildRules = (
			);
			dependencies = (
			);
			fileSystemSynchronizedGroups = (
				09019ABB2DD558D700DF86A8 /* MyPoem */,
			);
			name = MyPoem;
			packageProductDependencies = (
			);
			productName = MyPoem;
			productReference = 09019AB92DD558D700DF86A8 /* MyPoem.app */;
			productType = "com.apple.product-type.application";
		};
		09019ACA2DD558D800DF86A8 /* MyPoemTests */ = {
			isa = PBXNativeTarget;
			buildConfigurationList = 09019AE22DD558D800DF86A8 /* Build configuration list for PBXNativeTarget "MyPoemTests" */;
			buildPhases = (
				09019AC72DD558D800DF86A8 /* Sources */,
				09019AC82DD558D800DF86A8 /* Frameworks */,
				09019AC92DD558D800DF86A8 /* Resources */,
			);
			buildRules = (
			);
			dependencies = (
				09019ACD2DD558D800DF86A8 /* PBXTargetDependency */,
			);
			fileSystemSynchronizedGroups = (
				09019ACE2DD558D800DF86A8 /* MyPoemTests */,
			);
			name = MyPoemTests;
			packageProductDependencies = (
			);
			productName = MyPoemTests;
			productReference = 09019ACB2DD558D800DF86A8 /* MyPoemTests.xctest */;
			productType = "com.apple.product-type.bundle.unit-test";
		};
		09019AD42DD558D800DF86A8 /* MyPoemUITests */ = {
			isa = PBXNativeTarget;
			buildConfigurationList = 09019AE52DD558D800DF86A8 /* Build configuration list for PBXNativeTarget "MyPoemUITests" */;
			buildPhases = (
				09019AD12DD558D800DF86A8 /* Sources */,
				09019AD22DD558D800DF86A8 /* Frameworks */,
				09019AD32DD558D800DF86A8 /* Resources */,
			);
			buildRules = (
			);
			dependencies = (
				09019AD72DD558D800DF86A8 /* PBXTargetDependency */,
			);
			fileSystemSynchronizedGroups = (
				09019AD82DD558D800DF86A8 /* MyPoemUITests */,
			);
			name = MyPoemUITests;
			packageProductDependencies = (
			);
			productName = MyPoemUITests;
			productReference = 09019AD52DD558D800DF86A8 /* MyPoemUITests.xctest */;
			productType = "com.apple.product-type.bundle.ui-testing";
		};
/* End PBXNativeTarget section */

/* Begin PBXProject section */
		09019AB12DD558D700DF86A8 /* Project object */ = {
			isa = PBXProject;
			attributes = {
				BuildIndependentTargetsInParallel = 1;
				LastSwiftUpdateCheck = 1620;
				LastUpgradeCheck = 1620;
				TargetAttributes = {
					09019AB82DD558D700DF86A8 = {
						CreatedOnToolsVersion = 16.2;
					};
					09019ACA2DD558D800DF86A8 = {
						CreatedOnToolsVersion = 16.2;
						TestTargetID = 09019AB82DD558D700DF86A8;
					};
					09019AD42DD558D800DF86A8 = {
						CreatedOnToolsVersion = 16.2;
						TestTargetID = 09019AB82DD558D700DF86A8;
					};
				};
			};
			buildConfigurationList = 09019AB42DD558D700DF86A8 /* Build configuration list for PBXProject "MyPoem" */;
			developmentRegion = en;
			hasScannedForEncodings = 0;
			knownRegions = (
				en,
				Base,
			);
			mainGroup = 09019AB02DD558D700DF86A8;
			minimizedProjectReferenceProxies = 1;
			preferredProjectObjectVersion = 77;
			productRefGroup = 09019ABA2DD558D700DF86A8 /* Products */;
			projectDirPath = "";
			projectRoot = "";
			targets = (
				09019AB82DD558D700DF86A8 /* MyPoem */,
				09019ACA2DD558D800DF86A8 /* MyPoemTests */,
				09019AD42DD558D800DF86A8 /* MyPoemUITests */,
			);
		};
/* End PBXProject section */

/* Begin PBXResourcesBuildPhase section */
		09019AB72DD558D700DF86A8 /* Resources */ = {
			isa = PBXResourcesBuildPhase;
			buildActionMask = 2147483647;
			files = (
			);
			runOnlyForDeploymentPostprocessing = 0;
		};
		09019AC92DD558D800DF86A8 /* Resources */ = {
			isa = PBXResourcesBuildPhase;
			buildActionMask = 2147483647;
			files = (
			);
			runOnlyForDeploymentPostprocessing = 0;
		};
		09019AD32DD558D800DF86A8 /* Resources */ = {
			isa = PBXResourcesBuildPhase;
			buildActionMask = 2147483647;
			files = (
			);
			runOnlyForDeploymentPostprocessing = 0;
		};
/* End PBXResourcesBuildPhase section */

/* Begin PBXSourcesBuildPhase section */
		09019AB52DD558D700DF86A8 /* Sources */ = {
			isa = PBXSourcesBuildPhase;
			buildActionMask = 2147483647;
			files = (
			);
			runOnlyForDeploymentPostprocessing = 0;
		};
		09019AC72DD558D800DF86A8 /* Sources */ = {
			isa = PBXSourcesBuildPhase;
			buildActionMask = 2147483647;
			files = (
			);
			runOnlyForDeploymentPostprocessing = 0;
		};
		09019AD12DD558D800DF86A8 /* Sources */ = {
			isa = PBXSourcesBuildPhase;
			buildActionMask = 2147483647;
			files = (
			);
			runOnlyForDeploymentPostprocessing = 0;
		};
/* End PBXSourcesBuildPhase section */

/* Begin PBXTargetDependency section */
		09019ACD2DD558D800DF86A8 /* PBXTargetDependency */ = {
			isa = PBXTargetDependency;
			target = 09019AB82DD558D700DF86A8 /* MyPoem */;
			targetProxy = 09019ACC2DD558D800DF86A8 /* PBXContainerItemProxy */;
		};
		09019AD72DD558D800DF86A8 /* PBXTargetDependency */ = {
			isa = PBXTargetDependency;
			target = 09019AB82DD558D700DF86A8 /* MyPoem */;
			targetProxy = 09019AD62DD558D800DF86A8 /* PBXContainerItemProxy */;
		};
/* End PBXTargetDependency section */

/* Begin XCBuildConfiguration section */
		09019ADD2DD558D800DF86A8 /* Debug */ = {
			isa = XCBuildConfiguration;
			buildSettings = {
				ALWAYS_SEARCH_USER_PATHS = NO;
				ASSETCATALOG_COMPILER_GENERATE_SWIFT_ASSET_SYMBOL_EXTENSIONS = YES;
				CLANG_ANALYZER_NONNULL = YES;
				CLANG_ANALYZER_NUMBER_OBJECT_CONVERSION = YES_AGGRESSIVE;
				CLANG_CXX_LANGUAGE_STANDARD = "gnu++20";
				CLANG_ENABLE_MODULES = YES;
				CLANG_ENABLE_OBJC_ARC = YES;
				CLANG_ENABLE_OBJC_WEAK = YES;
				CLANG_WARN_BLOCK_CAPTURE_AUTORELEASING = YES;
				CLANG_WARN_BOOL_CONVERSION = YES;
				CLANG_WARN_COMMA = YES;
				CLANG_WARN_CONSTANT_CONVERSION = YES;
				CLANG_WARN_DEPRECATED_OBJC_IMPLEMENTATIONS = YES;
				CLANG_WARN_DIRECT_OBJC_ISA_USAGE = YES_ERROR;
				CLANG_WARN_DOCUMENTATION_COMMENTS = YES;
				CLANG_WARN_EMPTY_BODY = YES;
				CLANG_WARN_ENUM_CONVERSION = YES;
				CLANG_WARN_INFINITE_RECURSION = YES;
				CLANG_WARN_INT_CONVERSION = YES;
				CLANG_WARN_NON_LITERAL_NULL_CONVERSION = YES;
				CLANG_WARN_OBJC_IMPLICIT_RETAIN_SELF = YES;
				CLANG_WARN_OBJC_LITERAL_CONVERSION = YES;
				CLANG_WARN_OBJC_ROOT_CLASS = YES_ERROR;
				CLANG_WARN_QUOTED_INCLUDE_IN_FRAMEWORK_HEADER = YES;
				CLANG_WARN_RANGE_LOOP_ANALYSIS = YES;
				CLANG_WARN_STRICT_PROTOTYPES = YES;
				CLANG_WARN_SUSPICIOUS_MOVE = YES;
				CLANG_WARN_UNGUARDED_AVAILABILITY = YES_AGGRESSIVE;
				CLANG_WARN_UNREACHABLE_CODE = YES;
				CLANG_WARN__DUPLICATE_METHOD_MATCH = YES;
				COPY_PHASE_STRIP = NO;
				DEBUG_INFORMATION_FORMAT = dwarf;
				ENABLE_STRICT_OBJC_MSGSEND = YES;
				ENABLE_TESTABILITY = YES;
				ENABLE_USER_SCRIPT_SANDBOXING = YES;
				GCC_C_LANGUAGE_STANDARD = gnu17;
				GCC_DYNAMIC_NO_PIC = NO;
				GCC_NO_COMMON_BLOCKS = YES;
				GCC_OPTIMIZATION_LEVEL = 0;
				GCC_PREPROCESSOR_DEFINITIONS = (
					"DEBUG=1",
					"$(inherited)",
				);
				GCC_WARN_64_TO_32_BIT_CONVERSION = YES;
				GCC_WARN_ABOUT_RETURN_TYPE = YES_ERROR;
				GCC_WARN_UNDECLARED_SELECTOR = YES;
				GCC_WARN_UNINITIALIZED_AUTOS = YES_AGGRESSIVE;
				GCC_WARN_UNUSED_FUNCTION = YES;
				GCC_WARN_UNUSED_VARIABLE = YES;
				IPHONEOS_DEPLOYMENT_TARGET = 18.2;
				LOCALIZATION_PREFERS_STRING_CATALOGS = YES;
				MTL_ENABLE_DEBUG_INFO = INCLUDE_SOURCE;
				MTL_FAST_MATH = YES;
				ONLY_ACTIVE_ARCH = YES;
				SDKROOT = iphoneos;
				SWIFT_ACTIVE_COMPILATION_CONDITIONS = "DEBUG $(inherited)";
				SWIFT_OPTIMIZATION_LEVEL = "-Onone";
			};
			name = Debug;
		};
		09019ADE2DD558D800DF86A8 /* Release */ = {
			isa = XCBuildConfiguration;
			buildSettings = {
				ALWAYS_SEARCH_USER_PATHS = NO;
				ASSETCATALOG_COMPILER_GENERATE_SWIFT_ASSET_SYMBOL_EXTENSIONS = YES;
				CLANG_ANALYZER_NONNULL = YES;
				CLANG_ANALYZER_NUMBER_OBJECT_CONVERSION = YES_AGGRESSIVE;
				CLANG_CXX_LANGUAGE_STANDARD = "gnu++20";
				CLANG_ENABLE_MODULES = YES;
				CLANG_ENABLE_OBJC_ARC = YES;
				CLANG_ENABLE_OBJC_WEAK = YES;
				CLANG_WARN_BLOCK_CAPTURE_AUTORELEASING = YES;
				CLANG_WARN_BOOL_CONVERSION = YES;
				CLANG_WARN_COMMA = YES;
				CLANG_WARN_CONSTANT_CONVERSION = YES;
				CLANG_WARN_DEPRECATED_OBJC_IMPLEMENTATIONS = YES;
				CLANG_WARN_DIRECT_OBJC_ISA_USAGE = YES_ERROR;
				CLANG_WARN_DOCUMENTATION_COMMENTS = YES;
				CLANG_WARN_EMPTY_BODY = YES;
				CLANG_WARN_ENUM_CONVERSION = YES;
				CLANG_WARN_INFINITE_RECURSION = YES;
				CLANG_WARN_INT_CONVERSION = YES;
				CLANG_WARN_NON_LITERAL_NULL_CONVERSION = YES;
				CLANG_WARN_OBJC_IMPLICIT_RETAIN_SELF = YES;
				CLANG_WARN_OBJC_LITERAL_CONVERSION = YES;
				CLANG_WARN_OBJC_ROOT_CLASS = YES_ERROR;
				CLANG_WARN_QUOTED_INCLUDE_IN_FRAMEWORK_HEADER = YES;
				CLANG_WARN_RANGE_LOOP_ANALYSIS = YES;
				CLANG_WARN_STRICT_PROTOTYPES = YES;
				CLANG_WARN_SUSPICIOUS_MOVE = YES;
				CLANG_WARN_UNGUARDED_AVAILABILITY = YES_AGGRESSIVE;
				CLANG_WARN_UNREACHABLE_CODE = YES;
				CLANG_WARN__DUPLICATE_METHOD_MATCH = YES;
				COPY_PHASE_STRIP = NO;
				DEBUG_INFORMATION_FORMAT = "dwarf-with-dsym";
				ENABLE_NS_ASSERTIONS = NO;
				ENABLE_STRICT_OBJC_MSGSEND = YES;
				ENABLE_USER_SCRIPT_SANDBOXING = YES;
				GCC_C_LANGUAGE_STANDARD = gnu17;
				GCC_NO_COMMON_BLOCKS = YES;
				GCC_WARN_64_TO_32_BIT_CONVERSION = YES;
				GCC_WARN_ABOUT_RETURN_TYPE = YES_ERROR;
				GCC_WARN_UNDECLARED_SELECTOR = YES;
				GCC_WARN_UNINITIALIZED_AUTOS = YES_AGGRESSIVE;
				GCC_WARN_UNUSED_FUNCTION = YES;
				GCC_WARN_UNUSED_VARIABLE = YES;
				IPHONEOS_DEPLOYMENT_TARGET = 18.2;
				LOCALIZATION_PREFERS_STRING_CATALOGS = YES;
				MTL_ENABLE_DEBUG_INFO = NO;
				MTL_FAST_MATH = YES;
				SDKROOT = iphoneos;
				SWIFT_COMPILATION_MODE = wholemodule;
				VALIDATE_PRODUCT = YES;
			};
			name = Release;
		};
		09019AE02DD558D800DF86A8 /* Debug */ = {
			isa = XCBuildConfiguration;
			buildSettings = {
				ASSETCATALOG_COMPILER_APPICON_NAME = AppIcon;
				ASSETCATALOG_COMPILER_GLOBAL_ACCENT_COLOR_NAME = AccentColor;
				CODE_SIGN_ENTITLEMENTS = MyPoem/MyPoem.entitlements;
				CODE_SIGN_STYLE = Automatic;
				CURRENT_PROJECT_VERSION = 1;
				DEVELOPMENT_ASSET_PATHS = "\"MyPoem/Preview Content\"";
				DEVELOPMENT_TEAM = 77F3383U2A;
				ENABLE_PREVIEWS = YES;
				GENERATE_INFOPLIST_FILE = YES;
				INFOPLIST_KEY_UIApplicationSceneManifest_Generation = YES;
				INFOPLIST_KEY_UIApplicationSupportsIndirectInputEvents = YES;
				INFOPLIST_KEY_UILaunchScreen_Generation = YES;
				INFOPLIST_KEY_UISupportedInterfaceOrientations_iPad = "UIInterfaceOrientationPortrait UIInterfaceOrientationPortraitUpsideDown UIInterfaceOrientationLandscapeLeft UIInterfaceOrientationLandscapeRight";
				INFOPLIST_KEY_UISupportedInterfaceOrientations_iPhone = "UIInterfaceOrientationPortrait UIInterfaceOrientationLandscapeLeft UIInterfaceOrientationLandscapeRight";
				IPHONEOS_DEPLOYMENT_TARGET = 17.6;
				"IPHONEOS_DEPLOYMENT_TARGET[sdk=iphoneos*]" = 17.4;
				LD_RUNPATH_SEARCH_PATHS = (
					"$(inherited)",
					"@executable_path/Frameworks",
				);
				MARKETING_VERSION = 1.0;
				PRODUCT_BUNDLE_IDENTIFIER = Steven.MyPoem;
				PRODUCT_NAME = "$(TARGET_NAME)";
				SWIFT_EMIT_LOC_STRINGS = YES;
				SWIFT_VERSION = 5.0;
				TARGETED_DEVICE_FAMILY = "1,2";
			};
			name = Debug;
		};
		09019AE12DD558D800DF86A8 /* Release */ = {
			isa = XCBuildConfiguration;
			buildSettings = {
				ASSETCATALOG_COMPILER_APPICON_NAME = AppIcon;
				ASSETCATALOG_COMPILER_GLOBAL_ACCENT_COLOR_NAME = AccentColor;
				CODE_SIGN_ENTITLEMENTS = MyPoem/MyPoem.entitlements;
				CODE_SIGN_STYLE = Automatic;
				CURRENT_PROJECT_VERSION = 1;
				DEVELOPMENT_ASSET_PATHS = "\"MyPoem/Preview Content\"";
				DEVELOPMENT_TEAM = 77F3383U2A;
				ENABLE_PREVIEWS = YES;
				GENERATE_INFOPLIST_FILE = YES;
				INFOPLIST_KEY_UIApplicationSceneManifest_Generation = YES;
				INFOPLIST_KEY_UIApplicationSupportsIndirectInputEvents = YES;
				INFOPLIST_KEY_UILaunchScreen_Generation = YES;
				INFOPLIST_KEY_UISupportedInterfaceOrientations_iPad = "UIInterfaceOrientationPortrait UIInterfaceOrientationPortraitUpsideDown UIInterfaceOrientationLandscapeLeft UIInterfaceOrientationLandscapeRight";
				INFOPLIST_KEY_UISupportedInterfaceOrientations_iPhone = "UIInterfaceOrientationPortrait UIInterfaceOrientationLandscapeLeft UIInterfaceOrientationLandscapeRight";
				IPHONEOS_DEPLOYMENT_TARGET = 17.6;
				LD_RUNPATH_SEARCH_PATHS = (
					"$(inherited)",
					"@executable_path/Frameworks",
				);
				MARKETING_VERSION = 1.0;
				PRODUCT_BUNDLE_IDENTIFIER = Steven.MyPoem;
				PRODUCT_NAME = "$(TARGET_NAME)";
				SWIFT_EMIT_LOC_STRINGS = YES;
				SWIFT_VERSION = 5.0;
				TARGETED_DEVICE_FAMILY = "1,2";
			};
			name = Release;
		};
		09019AE32DD558D800DF86A8 /* Debug */ = {
			isa = XCBuildConfiguration;
			buildSettings = {
				BUNDLE_LOADER = "$(TEST_HOST)";
				CODE_SIGN_STYLE = Automatic;
				CURRENT_PROJECT_VERSION = 1;
				DEVELOPMENT_TEAM = 77F3383U2A;
				GENERATE_INFOPLIST_FILE = YES;
				IPHONEOS_DEPLOYMENT_TARGET = 18.2;
				MARKETING_VERSION = 1.0;
				PRODUCT_BUNDLE_IDENTIFIER = Steven.MyPoemTests;
				PRODUCT_NAME = "$(TARGET_NAME)";
				SWIFT_EMIT_LOC_STRINGS = NO;
				SWIFT_VERSION = 5.0;
				TARGETED_DEVICE_FAMILY = "1,2";
				TEST_HOST = "$(BUILT_PRODUCTS_DIR)/MyPoem.app/$(BUNDLE_EXECUTABLE_FOLDER_PATH)/MyPoem";
			};
			name = Debug;
		};
		09019AE42DD558D800DF86A8 /* Release */ = {
			isa = XCBuildConfiguration;
			buildSettings = {
				BUNDLE_LOADER = "$(TEST_HOST)";
				CODE_SIGN_STYLE = Automatic;
				CURRENT_PROJECT_VERSION = 1;
				DEVELOPMENT_TEAM = 77F3383U2A;
				GENERATE_INFOPLIST_FILE = YES;
				IPHONEOS_DEPLOYMENT_TARGET = 18.2;
				MARKETING_VERSION = 1.0;
				PRODUCT_BUNDLE_IDENTIFIER = Steven.MyPoemTests;
				PRODUCT_NAME = "$(TARGET_NAME)";
				SWIFT_EMIT_LOC_STRINGS = NO;
				SWIFT_VERSION = 5.0;
				TARGETED_DEVICE_FAMILY = "1,2";
				TEST_HOST = "$(BUILT_PRODUCTS_DIR)/MyPoem.app/$(BUNDLE_EXECUTABLE_FOLDER_PATH)/MyPoem";
			};
			name = Release;
		};
		09019AE62DD558D800DF86A8 /* Debug */ = {
			isa = XCBuildConfiguration;
			buildSettings = {
				CODE_SIGN_STYLE = Automatic;
				CURRENT_PROJECT_VERSION = 1;
				DEVELOPMENT_TEAM = 77F3383U2A;
				GENERATE_INFOPLIST_FILE = YES;
				MARKETING_VERSION = 1.0;
				PRODUCT_BUNDLE_IDENTIFIER = Steven.MyPoemUITests;
				PRODUCT_NAME = "$(TARGET_NAME)";
				SWIFT_EMIT_LOC_STRINGS = NO;
				SWIFT_VERSION = 5.0;
				TARGETED_DEVICE_FAMILY = "1,2";
				TEST_TARGET_NAME = MyPoem;
			};
			name = Debug;
		};
		09019AE72DD558D800DF86A8 /* Release */ = {
			isa = XCBuildConfiguration;
			buildSettings = {
				CODE_SIGN_STYLE = Automatic;
				CURRENT_PROJECT_VERSION = 1;
				DEVELOPMENT_TEAM = 77F3383U2A;
				GENERATE_INFOPLIST_FILE = YES;
				MARKETING_VERSION = 1.0;
				PRODUCT_BUNDLE_IDENTIFIER = Steven.MyPoemUITests;
				PRODUCT_NAME = "$(TARGET_NAME)";
				SWIFT_EMIT_LOC_STRINGS = NO;
				SWIFT_VERSION = 5.0;
				TARGETED_DEVICE_FAMILY = "1,2";
				TEST_TARGET_NAME = MyPoem;
			};
			name = Release;
		};
/* End XCBuildConfiguration section */

/* Begin XCConfigurationList section */
		09019AB42DD558D700DF86A8 /* Build configuration list for PBXProject "MyPoem" */ = {
			isa = XCConfigurationList;
			buildConfigurations = (
				09019ADD2DD558D800DF86A8 /* Debug */,
				09019ADE2DD558D800DF86A8 /* Release */,
			);
			defaultConfigurationIsVisible = 0;
			defaultConfigurationName = Release;
		};
		09019ADF2DD558D800DF86A8 /* Build configuration list for PBXNativeTarget "MyPoem" */ = {
			isa = XCConfigurationList;
			buildConfigurations = (
				09019AE02DD558D800DF86A8 /* Debug */,
				09019AE12DD558D800DF86A8 /* Release */,
			);
			defaultConfigurationIsVisible = 0;
			defaultConfigurationName = Release;
		};
		09019AE22DD558D800DF86A8 /* Build configuration list for PBXNativeTarget "MyPoemTests" */ = {
			isa = XCConfigurationList;
			buildConfigurations = (
				09019AE32DD558D800DF86A8 /* Debug */,
				09019AE42DD558D800DF86A8 /* Release */,
			);
			defaultConfigurationIsVisible = 0;
			defaultConfigurationName = Release;
		};
		09019AE52DD558D800DF86A8 /* Build configuration list for PBXNativeTarget "MyPoemUITests" */ = {
			isa = XCConfigurationList;
			buildConfigurations = (
				09019AE62DD558D800DF86A8 /* Debug */,
				09019AE72DD558D800DF86A8 /* Release */,
			);
			defaultConfigurationIsVisible = 0;
			defaultConfigurationName = Release;
		};
/* End XCConfigurationList section */
	};
	rootObject = 09019AB12DD558D700DF86A8 /* Project object */;
}
